
Microsoft Visual Studio Solution File, Format Version 12.00
# Visual Studio Version 16
VisualStudioVersion = 16.0.29613.14
MinimumVisualStudioVersion = 10.0.40219.1
Project("{FAE04EC0-301F-11D3-BF4B-00C04F79EFBC}") = "Tauchershop", "Tauchershop\Tauchershop.csproj", "{457250C8-FC00-42BB-A239-B18FCD934E19}"
EndProject
Global
	GlobalSection(SolutionConfigurationPlatforms) = preSolution
		Debug|Any CPU = Debug|Any CPU
		Release|Any CPU = Release|Any CPU
	EndGlobalSection
	GlobalSection(ProjectConfigurationPlatforms) = postSolution
		{457250C8-FC00-42BB-A239-B18FCD934E19}.Debug|Any CPU.ActiveCfg = Debug|Any CPU
		{457250C8-FC00-42BB-A239-B18FCD934E19}.Debug|Any CPU.Build.0 = Debug|Any CPU
		{457250C8-FC00-42BB-A239-B18FCD934E19}.Release|Any CPU.ActiveCfg = Release|Any CPU
		{457250C8-FC00-42BB-A239-B18FCD934E19}.Release|Any CPU.Build.0 = Release|Any CPU
	EndGlobalSection
	GlobalSection(SolutionProperties) = preSolution
		HideSolutionNode = FALSE
	EndGlobalSection
	GlobalSection(ExtensibilityGlobals) = postSolution
		SolutionGuid = {B33266A0-0B84-44D2-B5F6-1E0B74B335BC}
	EndGlobalSection
EndGlobal
